{
    "_meta": {
        "hash": {
            "sha256": "82223adc42d33c299043147cf6e98820f2ad9882fa7e18b20e5b0448cf02ff50"
        },
        "pipfile-spec": 6,
        "requires": {
            "python_version": "3.8"
        },
        "sources": [
            {
                "name": "pypi",
                "url": "https://pypi.org/simple",
                "verify_ssl": true
            }
        ]
    },
    "default": {
        "setuptools": {
            "hashes": [
                "sha256:f2504966861356aa38616760c0f66568e535562374995367b4e69c7143cf6bcd",
                "sha256:fba5dd4d766e97be1b1681d98712680ae8f2f26d7881245f2ce9e40714f1a686"
            ],
            "index": "pypi",
            "markers": "python_version >= '3.8'",
            "version": "==75.3.0"
        }
    },
    "develop": {}
}
